
Microsoft Visual Studio Solution File, Format Version 12.00
# Visual Studio Version 17
VisualStudioVersion = 17.14.36623.8
MinimumVisualStudioVersion = 10.0.40219.1
Project("{2150E333-8FDC-42A3-9474-1A3956D46DE8}") = "chapter00", "chapter00", "{DDB4EF12-CC4E-5E88-E6FC-71A802F4DE97}"
EndProject
Project("{FAE04EC0-301F-11D3-BF4B-00C04F79EFBC}") = "Sample0416", "chapter00\Sample0416\Sample0416.csproj", "{76F1597C-76B5-4D3F-B5BC-6EDDE1DE4DBF}"
EndProject
Project("{FAE04EC0-301F-11D3-BF4B-00C04F79EFBC}") = "Sample0415", "chapter00\Sample0415\Sample0415\Sample0415.csproj", "{D0F00D84-AD20-C5D6-67FE-85D6CB59A7CE}"
EndProject
Project("{FAE04EC0-301F-11D3-BF4B-00C04F79EFBC}") = "Sample0413", "chapter00\Sample0413\Sample0413\Sample0413.csproj", "{EB11C1AF-3BBE-9D8B-B13B-CEF382F22312}"
EndProject
Project("{2150E333-8FDC-42A3-9474-1A3956D46DE8}") = "chapter01", "chapter01", "{4FC389F3-A931-45FA-BE18-4CE32F7B0901}"
EndProject
Project("{2150E333-8FDC-42A3-9474-1A3956D46DE8}") = "Chapter02", "Chapter02", "{BE8062FA-CB28-4DFE-BCF4-B3728D525C88}"
EndProject
Project("{2150E333-8FDC-42A3-9474-1A3956D46DE8}") = "距離換算プログラム", "距離換算プログラム", "{BA06008F-C958-45B4-B363-901FF6AAD3EC}"
EndProject
Project("{FAE04EC0-301F-11D3-BF4B-00C04F79EFBC}") = "DistancrConverter", "ConsoleApp1\Chapter02\DistancrConverter\DistancrConverter.csproj", "{F5D55DD4-CC56-415A-B3CF-582547F63CF2}"
EndProject
Project("{2150E333-8FDC-42A3-9474-1A3956D46DE8}") = "Chapter04", "Chapter04", "{3B95E21F-93E0-442D-A934-A74B8095FEED}"
EndProject
Project("{2150E333-8FDC-42A3-9474-1A3956D46DE8}") = "P108_文字列を数値に変換する", "P108_文字列を数値に変換する", "{0856E86F-4C6A-448A-8D6F-BA82118C5B6B}"
EndProject
Project("{FAE04EC0-301F-11D3-BF4B-00C04F79EFBC}") = "Code4_36", "Chapter04\文字列を数値に変換する\Code4_36\Code4_36.csproj", "{EE6CB61D-0E13-4574-8F25-250A775AB737}"
EndProject
Project("{2150E333-8FDC-42A3-9474-1A3956D46DE8}") = "売り上げ集計プログラム", "売り上げ集計プログラム", "{980F2DDB-9F71-4E15-8E8E-8640BD39D538}"
EndProject
Project("{FAE04EC0-301F-11D3-BF4B-00C04F79EFBC}") = "SalesCalculator", "ConsoleApp1\Chapter02\売り上げ集計プログラム\SalesCalculator\SalesCalculator.csproj", "{CD87EB45-6AE6-498A-B845-31A1F4A890A1}"
EndProject
Project("{2150E333-8FDC-42A3-9474-1A3956D46DE8}") = "演習問題", "演習問題", "{77E71F73-6C71-47A4-B406-E4ED79C781E0}"
EndProject
Project("{FAE04EC0-301F-11D3-BF4B-00C04F79EFBC}") = "Exercise01", "ConsoleApp1\Chapter02\演習問題\Exercise01\Exercise01.csproj", "{520C9881-E6F6-439F-B124-BA34D7B49B38}"
EndProject
Project("{FAE04EC0-301F-11D3-BF4B-00C04F79EFBC}") = "Exercise02", "ConsoleApp1\Chapter02\演習問題\Exercise02\Exercise02.csproj", "{097D6BD9-8193-4A36-A290-7B95275EB849}"
EndProject
Project("{2150E333-8FDC-42A3-9474-1A3956D46DE8}") = "Chapter03", "Chapter03", "{42925C15-78BC-487E-BC96-FB11C191CBFE}"
EndProject
Project("{2150E333-8FDC-42A3-9474-1A3956D46DE8}") = "ラムダ式とLINQ", "ラムダ式とLINQ", "{441B6CCE-C0D5-400B-AA29-5B48AA9C14CA}"
EndProject
Project("{FAE04EC0-301F-11D3-BF4B-00C04F79EFBC}") = "Section01", "Chapter03\ラムダ式とLINQ\Section01\Section01.csproj", "{2B606D91-D799-4D0D-A1FF-11DF11382567}"
EndProject
Project("{FAE04EC0-301F-11D3-BF4B-00C04F79EFBC}") = "Section04", "Chapter03\ラムダ式とLINQ\Section04\Section04.csproj", "{1D2E73A0-9150-444E-A2DB-E986B9296DE8}"
EndProject
Project("{2150E333-8FDC-42A3-9474-1A3956D46DE8}") = "演習問題", "演習問題", "{97BD6108-DA40-4C12-B799-D073269BFD79}"
EndProject
Project("{FAE04EC0-301F-11D3-BF4B-00C04F79EFBC}") = "Exercise01", "Chapter03\演習問題\Exercise01\Exercise01.csproj", "{91B06429-9A4E-46E4-8F8C-9282D3E08176}"
EndProject
Project("{FAE04EC0-301F-11D3-BF4B-00C04F79EFBC}") = "Exercise02", "Chapter03\演習問題\Exercise02\Exercise02\Exercise02\Exercise02.csproj", "{0570294E-3D81-41E3-BC1B-B1191406C667}"
EndProject
Project("{2150E333-8FDC-42A3-9474-1A3956D46DE8}") = "P098　nullに関するイディオム", "P098　nullに関するイディオム", "{8AFA484F-2D55-4A0A-8DDD-461EA5A8B63F}"
EndProject
Project("{FAE04EC0-301F-11D3-BF4B-00C04F79EFBC}") = "Section04", "Chapter04\nullに関するイディオム\Section04\Section04.csproj", "{25A8D717-CB23-4011-AB91-7089EB7D2054}"
EndProject
Project("{2150E333-8FDC-42A3-9474-1A3956D46DE8}") = "演習問題", "演習問題", "{67D05C7F-665C-482C-BE63-43331AFA92F6}"
EndProject
Project("{FAE04EC0-301F-11D3-BF4B-00C04F79EFBC}") = "Exercise01", "Chapter04\演習問題\Exercise01\Exercise01.csproj", "{4EA22E85-89C9-4238-9A1B-00DB65755882}"
EndProject
Project("{FAE04EC0-301F-11D3-BF4B-00C04F79EFBC}") = "Exercise02", "Chapter04\演習問題\Exercise02\Exercise02\Exercise02.csproj", "{9DCA0BCC-31B0-46BE-BFC2-A38BF4333216}"
EndProject
Project("{2150E333-8FDC-42A3-9474-1A3956D46DE8}") = "Chapter05", "Chapter05", "{1FBD321C-110C-44BE-8000-3C1D4EA0B20D}"
EndProject
Project("{2150E333-8FDC-42A3-9474-1A3956D46DE8}") = "プロパティに関するイディオム", "プロパティに関するイディオム", "{D1690CCE-2C74-411A-8D50-98A32389EF27}"
EndProject
Project("{FAE04EC0-301F-11D3-BF4B-00C04F79EFBC}") = "Section01", "Chapter05\プロパティに関するイディオム\Section01\Section01.csproj", "{D05F7D9B-0D72-4149-88EB-665D43033604}"
EndProject
Project("{2150E333-8FDC-42A3-9474-1A3956D46DE8}") = "メソッドに関するイディオム", "メソッドに関するイディオム", "{F395F6E2-D91F-4B66-966E-459DA9E346D9}"
EndProject
Project("{FAE04EC0-301F-11D3-BF4B-00C04F79EFBC}") = "Section02", "Chapter05\メソッドに関するイディオム\Section02\Section02.csproj", "{51F65373-E1FE-4125-A341-F136D95B2320}"
EndProject
Project("{2150E333-8FDC-42A3-9474-1A3956D46DE8}") = "演習問題", "演習問題", "{97F89CA9-1E42-49E4-AC56-DCD421998FFE}"
EndProject
Project("{FAE04EC0-301F-11D3-BF4B-00C04F79EFBC}") = "Exercise01", "Chapter05\演習問題\Exercise01\Exercise01.csproj", "{8FA354EC-4034-4760-B164-75D589CB3253}"
EndProject
Project("{FAE04EC0-301F-11D3-BF4B-00C04F79EFBC}") = "Exercise02", "Chapter05\演習問題\Exercise02\Exercise02.csproj", "{A3ACA33D-6226-7668-2993-2FC9EA8C783B}"
EndProject
Project("{FAE04EC0-301F-11D3-BF4B-00C04F79EFBC}") = "Exercise03", "Chapter05\演習問題\Exercise03\Exercise03.csproj", "{35AFA688-84D9-443D-8A08-1BA5413DC8C6}"
EndProject
Project("{2150E333-8FDC-42A3-9474-1A3956D46DE8}") = "Chapter06", "Chapter06", "{FE84FE23-3AB3-4AE6-BA30-B25F752570D2}"
EndProject
Project("{2150E333-8FDC-42A3-9474-1A3956D46DE8}") = "文字列の比較", "文字列の比較", "{FB7C4611-EE0A-4C39-B061-25F2FF64CB1A}"
EndProject
Project("{FAE04EC0-301F-11D3-BF4B-00C04F79EFBC}") = "Section01", "Chapter06\文字列の比較\Section01\Section01.csproj", "{C7E8FE13-9339-47CC-8292-E9B362AE3C82}"
EndProject
Project("{2150E333-8FDC-42A3-9474-1A3956D46DE8}") = "演習問題", "演習問題", "{E9C66AEF-94B5-4FD3-A3E2-38360270C5FD}"
EndProject
Project("{FAE04EC0-301F-11D3-BF4B-00C04F79EFBC}") = "Exercise01", "Chapter06\演習問題\Exercise01\Exercise01.csproj", "{62DD8FE6-D9D9-4A4D-B8B2-1D0DB93F9A52}"
EndProject
Project("{FAE04EC0-301F-11D3-BF4B-00C04F79EFBC}") = "Exercise02", "Chapter06\演習問題\Exercise02\Exercise02.csproj", "{38E65A2A-5952-40F3-AC1E-4F64D29ABDC0}"
EndProject
Project("{FAE04EC0-301F-11D3-BF4B-00C04F79EFBC}") = "Exercise03", "Chapter06\演習問題\Exercise03\Exercise03.csproj", "{EEE226EA-F50F-48E2-A096-8FC195207087}"
EndProject
Project("{2150E333-8FDC-42A3-9474-1A3956D46DE8}") = "文字列の連結と分割", "文字列の連結と分割", "{F43CD288-71B1-4224-9AB2-EF3B259D1EBC}"
EndProject
Project("{FAE04EC0-301F-11D3-BF4B-00C04F79EFBC}") = "Section05", "Chapter06\文字列の連結と分割\Section05\Section05.csproj", "{400FACF7-E37F-4CE1-9F58-5336F8D2E9B4}"
EndProject
Project("{FAE04EC0-301F-11D3-BF4B-00C04F79EFBC}") = "Exercise04", "Chapter06\演習問題\Exercise04\Exercise04.csproj", "{E5F6DA20-2CA0-4E08-B169-F05B7AB3EE3D}"
EndProject
Project("{2150E333-8FDC-42A3-9474-1A3956D46DE8}") = "Chapter07", "Chapter07", "{648FCC98-9E9E-41E8-9DBA-A754A663A403}"
EndProject
Project("{2150E333-8FDC-42A3-9474-1A3956D46DE8}") = "演習問題", "演習問題", "{04941467-A211-40EA-B0AE-55E8B04F6FFA}"
EndProject
Project("{FAE04EC0-301F-11D3-BF4B-00C04F79EFBC}") = "Section01", "Chapter07\Section01\Section01.csproj", "{83B25257-6707-464D-9A20-A1B0ADD37687}"
EndProject
Project("{FAE04EC0-301F-11D3-BF4B-00C04F79EFBC}") = "Exercise01", "Chapter07\演習問題\Exercise01\Exercise01.csproj", "{7EBE2BF6-0B58-4B2B-A1EC-4F12F714C345}"
EndProject
Project("{FAE04EC0-301F-11D3-BF4B-00C04F79EFBC}") = "Exercise02", "Chapter07\演習問題\Exercise02\Exercise02\Exercise02.csproj", "{D4C4101F-75B1-4C34-BEF3-3D92C7856F93}"
EndProject
Project("{2150E333-8FDC-42A3-9474-1A3956D46DE8}") = "TestProject", "TestProject", "{75955446-FCBA-432B-AEC0-E756EB8C5472}"
EndProject
Project("{FAE04EC0-301F-11D3-BF4B-00C04F79EFBC}") = "Test01_01", "TestProject\Test01_01\Test01_01.csproj", "{B8441293-5D7D-B752-6216-4C5005BF772D}"
EndProject
Project("{FAE04EC0-301F-11D3-BF4B-00C04F79EFBC}") = "Test01_02", "TestProject\Test01_02\Test01_02.csproj", "{D7F347E4-C87C-CC1A-89F8-6D28A7CCB4B3}"
EndProject
Project("{2150E333-8FDC-42A3-9474-1A3956D46DE8}") = "Chapter08", "Chapter08", "{9036EBE1-D63A-445B-B633-67325BF549A6}"
EndProject
Project("{FAE04EC0-301F-11D3-BF4B-00C04F79EFBC}") = "Section01", "Chapter08\Section01\Section01.csproj", "{3A7A4926-2229-4038-8F22-419C72905601}"
EndProject
Project("{FAE04EC0-301F-11D3-BF4B-00C04F79EFBC}") = "Section02", "Chapter08\Section02\Section02.csproj", "{A0B338E2-A436-4C62-8091-191118E4E099}"
EndProject
Project("{FAE04EC0-301F-11D3-BF4B-00C04F79EFBC}") = "Section03", "Chapter08\Section03\Section03.csproj", "{404F6374-0FAB-4EF5-B5DE-428ED7D447DA}"
EndProject
Project("{2150E333-8FDC-42A3-9474-1A3956D46DE8}") = "演習問題", "演習問題", "{BCC1AEEE-24BC-4A10-9F51-52F2D4F9C112}"
EndProject
Project("{FAE04EC0-301F-11D3-BF4B-00C04F79EFBC}") = "Exercise01", "Chapter08\演習問題\Exercise01\Exercise01.csproj", "{FD5148F9-9B99-4B9D-A0EA-373044CAB7B3}"
EndProject
Project("{FAE04EC0-301F-11D3-BF4B-00C04F79EFBC}") = "Exercise02", "Chapter08\演習問題\Exercise02\Exercise02.csproj", "{EC55ADC4-6591-44F4-9424-86BA29E1AD43}"
EndProject
Project("{2150E333-8FDC-42A3-9474-1A3956D46DE8}") = "Chapter09", "Chapter09", "{5EB50303-1FB2-4BAE-92CC-FCD140770AB1}"
EndProject
Project("{FAE04EC0-301F-11D3-BF4B-00C04F79EFBC}") = "Section01", "Chapter09\Section01\Section01.csproj", "{2D174DAE-EEC8-4D07-9324-1666A3F1FA9E}"
EndProject
Project("{2150E333-8FDC-42A3-9474-1A3956D46DE8}") = "演習問題", "演習問題", "{72752CBD-2792-49E3-AC16-AC573B5DD45A}"
EndProject
Project("{FAE04EC0-301F-11D3-BF4B-00C04F79EFBC}") = "Exercise01", "Chapter09\演習問題\Exercise01\Exercise01.csproj", "{98FA2CBC-81CF-4371-B2FB-CB5F42CE5E13}"
EndProject
Global
	GlobalSection(SolutionConfigurationPlatforms) = preSolution
		Debug|Any CPU = Debug|Any CPU
		Release|Any CPU = Release|Any CPU
	EndGlobalSection
	GlobalSection(ProjectConfigurationPlatforms) = postSolution
		{76F1597C-76B5-4D3F-B5BC-6EDDE1DE4DBF}.Debug|Any CPU.ActiveCfg = Debug|Any CPU
		{76F1597C-76B5-4D3F-B5BC-6EDDE1DE4DBF}.Debug|Any CPU.Build.0 = Debug|Any CPU
		{76F1597C-76B5-4D3F-B5BC-6EDDE1DE4DBF}.Release|Any CPU.ActiveCfg = Release|Any CPU
		{76F1597C-76B5-4D3F-B5BC-6EDDE1DE4DBF}.Release|Any CPU.Build.0 = Release|Any CPU
		{D0F00D84-AD20-C5D6-67FE-85D6CB59A7CE}.Debug|Any CPU.ActiveCfg = Debug|Any CPU
		{D0F00D84-AD20-C5D6-67FE-85D6CB59A7CE}.Debug|Any CPU.Build.0 = Debug|Any CPU
		{D0F00D84-AD20-C5D6-67FE-85D6CB59A7CE}.Release|Any CPU.ActiveCfg = Release|Any CPU
		{D0F00D84-AD20-C5D6-67FE-85D6CB59A7CE}.Release|Any CPU.Build.0 = Release|Any CPU
		{EB11C1AF-3BBE-9D8B-B13B-CEF382F22312}.Debug|Any CPU.ActiveCfg = Debug|Any CPU
		{EB11C1AF-3BBE-9D8B-B13B-CEF382F22312}.Debug|Any CPU.Build.0 = Debug|Any CPU
		{EB11C1AF-3BBE-9D8B-B13B-CEF382F22312}.Release|Any CPU.ActiveCfg = Release|Any CPU
		{EB11C1AF-3BBE-9D8B-B13B-CEF382F22312}.Release|Any CPU.Build.0 = Release|Any CPU
		{F5D55DD4-CC56-415A-B3CF-582547F63CF2}.Debug|Any CPU.ActiveCfg = Debug|Any CPU
		{F5D55DD4-CC56-415A-B3CF-582547F63CF2}.Debug|Any CPU.Build.0 = Debug|Any CPU
		{F5D55DD4-CC56-415A-B3CF-582547F63CF2}.Release|Any CPU.ActiveCfg = Release|Any CPU
		{F5D55DD4-CC56-415A-B3CF-582547F63CF2}.Release|Any CPU.Build.0 = Release|Any CPU
		{EE6CB61D-0E13-4574-8F25-250A775AB737}.Debug|Any CPU.ActiveCfg = Debug|Any CPU
		{EE6CB61D-0E13-4574-8F25-250A775AB737}.Debug|Any CPU.Build.0 = Debug|Any CPU
		{EE6CB61D-0E13-4574-8F25-250A775AB737}.Release|Any CPU.ActiveCfg = Release|Any CPU
		{EE6CB61D-0E13-4574-8F25-250A775AB737}.Release|Any CPU.Build.0 = Release|Any CPU
		{CD87EB45-6AE6-498A-B845-31A1F4A890A1}.Debug|Any CPU.ActiveCfg = Debug|Any CPU
		{CD87EB45-6AE6-498A-B845-31A1F4A890A1}.Debug|Any CPU.Build.0 = Debug|Any CPU
		{CD87EB45-6AE6-498A-B845-31A1F4A890A1}.Release|Any CPU.ActiveCfg = Release|Any CPU
		{CD87EB45-6AE6-498A-B845-31A1F4A890A1}.Release|Any CPU.Build.0 = Release|Any CPU
		{520C9881-E6F6-439F-B124-BA34D7B49B38}.Debug|Any CPU.ActiveCfg = Debug|Any CPU
		{520C9881-E6F6-439F-B124-BA34D7B49B38}.Debug|Any CPU.Build.0 = Debug|Any CPU
		{520C9881-E6F6-439F-B124-BA34D7B49B38}.Release|Any CPU.ActiveCfg = Release|Any CPU
		{520C9881-E6F6-439F-B124-BA34D7B49B38}.Release|Any CPU.Build.0 = Release|Any CPU
		{097D6BD9-8193-4A36-A290-7B95275EB849}.Debug|Any CPU.ActiveCfg = Debug|Any CPU
		{097D6BD9-8193-4A36-A290-7B95275EB849}.Debug|Any CPU.Build.0 = Debug|Any CPU
		{097D6BD9-8193-4A36-A290-7B95275EB849}.Release|Any CPU.ActiveCfg = Release|Any CPU
		{097D6BD9-8193-4A36-A290-7B95275EB849}.Release|Any CPU.Build.0 = Release|Any CPU
		{2B606D91-D799-4D0D-A1FF-11DF11382567}.Debug|Any CPU.ActiveCfg = Debug|Any CPU
		{2B606D91-D799-4D0D-A1FF-11DF11382567}.Debug|Any CPU.Build.0 = Debug|Any CPU
		{2B606D91-D799-4D0D-A1FF-11DF11382567}.Release|Any CPU.ActiveCfg = Release|Any CPU
		{2B606D91-D799-4D0D-A1FF-11DF11382567}.Release|Any CPU.Build.0 = Release|Any CPU
		{1D2E73A0-9150-444E-A2DB-E986B9296DE8}.Debug|Any CPU.ActiveCfg = Debug|Any CPU
		{1D2E73A0-9150-444E-A2DB-E986B9296DE8}.Debug|Any CPU.Build.0 = Debug|Any CPU
		{1D2E73A0-9150-444E-A2DB-E986B9296DE8}.Release|Any CPU.ActiveCfg = Release|Any CPU
		{1D2E73A0-9150-444E-A2DB-E986B9296DE8}.Release|Any CPU.Build.0 = Release|Any CPU
		{91B06429-9A4E-46E4-8F8C-9282D3E08176}.Debug|Any CPU.ActiveCfg = Debug|Any CPU
		{91B06429-9A4E-46E4-8F8C-9282D3E08176}.Debug|Any CPU.Build.0 = Debug|Any CPU
		{91B06429-9A4E-46E4-8F8C-9282D3E08176}.Release|Any CPU.ActiveCfg = Release|Any CPU
		{91B06429-9A4E-46E4-8F8C-9282D3E08176}.Release|Any CPU.Build.0 = Release|Any CPU
		{0570294E-3D81-41E3-BC1B-B1191406C667}.Debug|Any CPU.ActiveCfg = Debug|Any CPU
		{0570294E-3D81-41E3-BC1B-B1191406C667}.Debug|Any CPU.Build.0 = Debug|Any CPU
		{0570294E-3D81-41E3-BC1B-B1191406C667}.Release|Any CPU.ActiveCfg = Release|Any CPU
		{0570294E-3D81-41E3-BC1B-B1191406C667}.Release|Any CPU.Build.0 = Release|Any CPU
		{25A8D717-CB23-4011-AB91-7089EB7D2054}.Debug|Any CPU.ActiveCfg = Debug|Any CPU
		{25A8D717-CB23-4011-AB91-7089EB7D2054}.Debug|Any CPU.Build.0 = Debug|Any CPU
		{25A8D717-CB23-4011-AB91-7089EB7D2054}.Release|Any CPU.ActiveCfg = Release|Any CPU
		{25A8D717-CB23-4011-AB91-7089EB7D2054}.Release|Any CPU.Build.0 = Release|Any CPU
		{4EA22E85-89C9-4238-9A1B-00DB65755882}.Debug|Any CPU.ActiveCfg = Debug|Any CPU
		{4EA22E85-89C9-4238-9A1B-00DB65755882}.Debug|Any CPU.Build.0 = Debug|Any CPU
		{4EA22E85-89C9-4238-9A1B-00DB65755882}.Release|Any CPU.ActiveCfg = Release|Any CPU
		{4EA22E85-89C9-4238-9A1B-00DB65755882}.Release|Any CPU.Build.0 = Release|Any CPU
		{9DCA0BCC-31B0-46BE-BFC2-A38BF4333216}.Debug|Any CPU.ActiveCfg = Debug|Any CPU
		{9DCA0BCC-31B0-46BE-BFC2-A38BF4333216}.Debug|Any CPU.Build.0 = Debug|Any CPU
		{9DCA0BCC-31B0-46BE-BFC2-A38BF4333216}.Release|Any CPU.ActiveCfg = Release|Any CPU
		{9DCA0BCC-31B0-46BE-BFC2-A38BF4333216}.Release|Any CPU.Build.0 = Release|Any CPU
		{D05F7D9B-0D72-4149-88EB-665D43033604}.Debug|Any CPU.ActiveCfg = Debug|Any CPU
		{D05F7D9B-0D72-4149-88EB-665D43033604}.Debug|Any CPU.Build.0 = Debug|Any CPU
		{D05F7D9B-0D72-4149-88EB-665D43033604}.Release|Any CPU.ActiveCfg = Release|Any CPU
		{D05F7D9B-0D72-4149-88EB-665D43033604}.Release|Any CPU.Build.0 = Release|Any CPU
		{51F65373-E1FE-4125-A341-F136D95B2320}.Debug|Any CPU.ActiveCfg = Debug|Any CPU
		{51F65373-E1FE-4125-A341-F136D95B2320}.Debug|Any CPU.Build.0 = Debug|Any CPU
		{51F65373-E1FE-4125-A341-F136D95B2320}.Release|Any CPU.ActiveCfg = Release|Any CPU
		{51F65373-E1FE-4125-A341-F136D95B2320}.Release|Any CPU.Build.0 = Release|Any CPU
		{8FA354EC-4034-4760-B164-75D589CB3253}.Debug|Any CPU.ActiveCfg = Debug|Any CPU
		{8FA354EC-4034-4760-B164-75D589CB3253}.Debug|Any CPU.Build.0 = Debug|Any CPU
		{8FA354EC-4034-4760-B164-75D589CB3253}.Release|Any CPU.ActiveCfg = Release|Any CPU
		{8FA354EC-4034-4760-B164-75D589CB3253}.Release|Any CPU.Build.0 = Release|Any CPU
		{A3ACA33D-6226-7668-2993-2FC9EA8C783B}.Debug|Any CPU.ActiveCfg = Debug|Any CPU
		{A3ACA33D-6226-7668-2993-2FC9EA8C783B}.Debug|Any CPU.Build.0 = Debug|Any CPU
		{A3ACA33D-6226-7668-2993-2FC9EA8C783B}.Release|Any CPU.ActiveCfg = Release|Any CPU
		{A3ACA33D-6226-7668-2993-2FC9EA8C783B}.Release|Any CPU.Build.0 = Release|Any CPU
		{35AFA688-84D9-443D-8A08-1BA5413DC8C6}.Debug|Any CPU.ActiveCfg = Debug|Any CPU
		{35AFA688-84D9-443D-8A08-1BA5413DC8C6}.Debug|Any CPU.Build.0 = Debug|Any CPU
		{35AFA688-84D9-443D-8A08-1BA5413DC8C6}.Release|Any CPU.ActiveCfg = Release|Any CPU
		{35AFA688-84D9-443D-8A08-1BA5413DC8C6}.Release|Any CPU.Build.0 = Release|Any CPU
		{C7E8FE13-9339-47CC-8292-E9B362AE3C82}.Debug|Any CPU.ActiveCfg = Debug|Any CPU
		{C7E8FE13-9339-47CC-8292-E9B362AE3C82}.Debug|Any CPU.Build.0 = Debug|Any CPU
		{C7E8FE13-9339-47CC-8292-E9B362AE3C82}.Release|Any CPU.ActiveCfg = Release|Any CPU
		{C7E8FE13-9339-47CC-8292-E9B362AE3C82}.Release|Any CPU.Build.0 = Release|Any CPU
		{62DD8FE6-D9D9-4A4D-B8B2-1D0DB93F9A52}.Debug|Any CPU.ActiveCfg = Debug|Any CPU
		{62DD8FE6-D9D9-4A4D-B8B2-1D0DB93F9A52}.Debug|Any CPU.Build.0 = Debug|Any CPU
		{62DD8FE6-D9D9-4A4D-B8B2-1D0DB93F9A52}.Release|Any CPU.ActiveCfg = Release|Any CPU
		{62DD8FE6-D9D9-4A4D-B8B2-1D0DB93F9A52}.Release|Any CPU.Build.0 = Release|Any CPU
		{38E65A2A-5952-40F3-AC1E-4F64D29ABDC0}.Debug|Any CPU.ActiveCfg = Debug|Any CPU
		{38E65A2A-5952-40F3-AC1E-4F64D29ABDC0}.Debug|Any CPU.Build.0 = Debug|Any CPU
		{38E65A2A-5952-40F3-AC1E-4F64D29ABDC0}.Release|Any CPU.ActiveCfg = Release|Any CPU
		{38E65A2A-5952-40F3-AC1E-4F64D29ABDC0}.Release|Any CPU.Build.0 = Release|Any CPU
		{EEE226EA-F50F-48E2-A096-8FC195207087}.Debug|Any CPU.ActiveCfg = Debug|Any CPU
		{EEE226EA-F50F-48E2-A096-8FC195207087}.Debug|Any CPU.Build.0 = Debug|Any CPU
		{EEE226EA-F50F-48E2-A096-8FC195207087}.Release|Any CPU.ActiveCfg = Release|Any CPU
		{EEE226EA-F50F-48E2-A096-8FC195207087}.Release|Any CPU.Build.0 = Release|Any CPU
		{400FACF7-E37F-4CE1-9F58-5336F8D2E9B4}.Debug|Any CPU.ActiveCfg = Debug|Any CPU
		{400FACF7-E37F-4CE1-9F58-5336F8D2E9B4}.Debug|Any CPU.Build.0 = Debug|Any CPU
		{400FACF7-E37F-4CE1-9F58-5336F8D2E9B4}.Release|Any CPU.ActiveCfg = Release|Any CPU
		{400FACF7-E37F-4CE1-9F58-5336F8D2E9B4}.Release|Any CPU.Build.0 = Release|Any CPU
		{E5F6DA20-2CA0-4E08-B169-F05B7AB3EE3D}.Debug|Any CPU.ActiveCfg = Debug|Any CPU
		{E5F6DA20-2CA0-4E08-B169-F05B7AB3EE3D}.Debug|Any CPU.Build.0 = Debug|Any CPU
		{E5F6DA20-2CA0-4E08-B169-F05B7AB3EE3D}.Release|Any CPU.ActiveCfg = Release|Any CPU
		{E5F6DA20-2CA0-4E08-B169-F05B7AB3EE3D}.Release|Any CPU.Build.0 = Release|Any CPU
		{83B25257-6707-464D-9A20-A1B0ADD37687}.Debug|Any CPU.ActiveCfg = Debug|Any CPU
		{83B25257-6707-464D-9A20-A1B0ADD37687}.Debug|Any CPU.Build.0 = Debug|Any CPU
		{83B25257-6707-464D-9A20-A1B0ADD37687}.Release|Any CPU.ActiveCfg = Release|Any CPU
		{83B25257-6707-464D-9A20-A1B0ADD37687}.Release|Any CPU.Build.0 = Release|Any CPU
		{7EBE2BF6-0B58-4B2B-A1EC-4F12F714C345}.Debug|Any CPU.ActiveCfg = Debug|Any CPU
		{7EBE2BF6-0B58-4B2B-A1EC-4F12F714C345}.Debug|Any CPU.Build.0 = Debug|Any CPU
		{7EBE2BF6-0B58-4B2B-A1EC-4F12F714C345}.Release|Any CPU.ActiveCfg = Release|Any CPU
		{7EBE2BF6-0B58-4B2B-A1EC-4F12F714C345}.Release|Any CPU.Build.0 = Release|Any CPU
		{D4C4101F-75B1-4C34-BEF3-3D92C7856F93}.Debug|Any CPU.ActiveCfg = Debug|Any CPU
		{D4C4101F-75B1-4C34-BEF3-3D92C7856F93}.Debug|Any CPU.Build.0 = Debug|Any CPU
		{D4C4101F-75B1-4C34-BEF3-3D92C7856F93}.Release|Any CPU.ActiveCfg = Release|Any CPU
		{D4C4101F-75B1-4C34-BEF3-3D92C7856F93}.Release|Any CPU.Build.0 = Release|Any CPU
		{B8441293-5D7D-B752-6216-4C5005BF772D}.Debug|Any CPU.ActiveCfg = Debug|Any CPU
		{B8441293-5D7D-B752-6216-4C5005BF772D}.Debug|Any CPU.Build.0 = Debug|Any CPU
		{B8441293-5D7D-B752-6216-4C5005BF772D}.Release|Any CPU.ActiveCfg = Release|Any CPU
		{B8441293-5D7D-B752-6216-4C5005BF772D}.Release|Any CPU.Build.0 = Release|Any CPU
		{D7F347E4-C87C-CC1A-89F8-6D28A7CCB4B3}.Debug|Any CPU.ActiveCfg = Debug|Any CPU
		{D7F347E4-C87C-CC1A-89F8-6D28A7CCB4B3}.Debug|Any CPU.Build.0 = Debug|Any CPU
		{D7F347E4-C87C-CC1A-89F8-6D28A7CCB4B3}.Release|Any CPU.ActiveCfg = Release|Any CPU
		{D7F347E4-C87C-CC1A-89F8-6D28A7CCB4B3}.Release|Any CPU.Build.0 = Release|Any CPU
		{3A7A4926-2229-4038-8F22-419C72905601}.Debug|Any CPU.ActiveCfg = Debug|Any CPU
		{3A7A4926-2229-4038-8F22-419C72905601}.Debug|Any CPU.Build.0 = Debug|Any CPU
		{3A7A4926-2229-4038-8F22-419C72905601}.Release|Any CPU.ActiveCfg = Release|Any CPU
		{3A7A4926-2229-4038-8F22-419C72905601}.Release|Any CPU.Build.0 = Release|Any CPU
		{A0B338E2-A436-4C62-8091-191118E4E099}.Debug|Any CPU.ActiveCfg = Debug|Any CPU
		{A0B338E2-A436-4C62-8091-191118E4E099}.Debug|Any CPU.Build.0 = Debug|Any CPU
		{A0B338E2-A436-4C62-8091-191118E4E099}.Release|Any CPU.ActiveCfg = Release|Any CPU
		{A0B338E2-A436-4C62-8091-191118E4E099}.Release|Any CPU.Build.0 = Release|Any CPU
		{404F6374-0FAB-4EF5-B5DE-428ED7D447DA}.Debug|Any CPU.ActiveCfg = Debug|Any CPU
		{404F6374-0FAB-4EF5-B5DE-428ED7D447DA}.Debug|Any CPU.Build.0 = Debug|Any CPU
		{404F6374-0FAB-4EF5-B5DE-428ED7D447DA}.Release|Any CPU.ActiveCfg = Release|Any CPU
		{404F6374-0FAB-4EF5-B5DE-428ED7D447DA}.Release|Any CPU.Build.0 = Release|Any CPU
		{FD5148F9-9B99-4B9D-A0EA-373044CAB7B3}.Debug|Any CPU.ActiveCfg = Debug|Any CPU
		{FD5148F9-9B99-4B9D-A0EA-373044CAB7B3}.Debug|Any CPU.Build.0 = Debug|Any CPU
		{FD5148F9-9B99-4B9D-A0EA-373044CAB7B3}.Release|Any CPU.ActiveCfg = Release|Any CPU
		{FD5148F9-9B99-4B9D-A0EA-373044CAB7B3}.Release|Any CPU.Build.0 = Release|Any CPU
		{EC55ADC4-6591-44F4-9424-86BA29E1AD43}.Debug|Any CPU.ActiveCfg = Debug|Any CPU
		{EC55ADC4-6591-44F4-9424-86BA29E1AD43}.Debug|Any CPU.Build.0 = Debug|Any CPU
		{EC55ADC4-6591-44F4-9424-86BA29E1AD43}.Release|Any CPU.ActiveCfg = Release|Any CPU
		{EC55ADC4-6591-44F4-9424-86BA29E1AD43}.Release|Any CPU.Build.0 = Release|Any CPU
		{2D174DAE-EEC8-4D07-9324-1666A3F1FA9E}.Debug|Any CPU.ActiveCfg = Debug|Any CPU
		{2D174DAE-EEC8-4D07-9324-1666A3F1FA9E}.Debug|Any CPU.Build.0 = Debug|Any CPU
		{2D174DAE-EEC8-4D07-9324-1666A3F1FA9E}.Release|Any CPU.ActiveCfg = Release|Any CPU
		{2D174DAE-EEC8-4D07-9324-1666A3F1FA9E}.Release|Any CPU.Build.0 = Release|Any CPU
		{98FA2CBC-81CF-4371-B2FB-CB5F42CE5E13}.Debug|Any CPU.ActiveCfg = Debug|Any CPU
		{98FA2CBC-81CF-4371-B2FB-CB5F42CE5E13}.Debug|Any CPU.Build.0 = Debug|Any CPU
		{98FA2CBC-81CF-4371-B2FB-CB5F42CE5E13}.Release|Any CPU.ActiveCfg = Release|Any CPU
		{98FA2CBC-81CF-4371-B2FB-CB5F42CE5E13}.Release|Any CPU.Build.0 = Release|Any CPU
	EndGlobalSection
	GlobalSection(SolutionProperties) = preSolution
		HideSolutionNode = FALSE
	EndGlobalSection
	GlobalSection(NestedProjects) = preSolution
		{76F1597C-76B5-4D3F-B5BC-6EDDE1DE4DBF} = {DDB4EF12-CC4E-5E88-E6FC-71A802F4DE97}
		{D0F00D84-AD20-C5D6-67FE-85D6CB59A7CE} = {DDB4EF12-CC4E-5E88-E6FC-71A802F4DE97}
		{EB11C1AF-3BBE-9D8B-B13B-CEF382F22312} = {DDB4EF12-CC4E-5E88-E6FC-71A802F4DE97}
		{BA06008F-C958-45B4-B363-901FF6AAD3EC} = {BE8062FA-CB28-4DFE-BCF4-B3728D525C88}
		{F5D55DD4-CC56-415A-B3CF-582547F63CF2} = {BA06008F-C958-45B4-B363-901FF6AAD3EC}
		{0856E86F-4C6A-448A-8D6F-BA82118C5B6B} = {3B95E21F-93E0-442D-A934-A74B8095FEED}
		{EE6CB61D-0E13-4574-8F25-250A775AB737} = {0856E86F-4C6A-448A-8D6F-BA82118C5B6B}
		{980F2DDB-9F71-4E15-8E8E-8640BD39D538} = {BE8062FA-CB28-4DFE-BCF4-B3728D525C88}
		{CD87EB45-6AE6-498A-B845-31A1F4A890A1} = {980F2DDB-9F71-4E15-8E8E-8640BD39D538}
		{77E71F73-6C71-47A4-B406-E4ED79C781E0} = {BE8062FA-CB28-4DFE-BCF4-B3728D525C88}
		{520C9881-E6F6-439F-B124-BA34D7B49B38} = {77E71F73-6C71-47A4-B406-E4ED79C781E0}
		{097D6BD9-8193-4A36-A290-7B95275EB849} = {77E71F73-6C71-47A4-B406-E4ED79C781E0}
		{441B6CCE-C0D5-400B-AA29-5B48AA9C14CA} = {42925C15-78BC-487E-BC96-FB11C191CBFE}
		{2B606D91-D799-4D0D-A1FF-11DF11382567} = {441B6CCE-C0D5-400B-AA29-5B48AA9C14CA}
		{1D2E73A0-9150-444E-A2DB-E986B9296DE8} = {441B6CCE-C0D5-400B-AA29-5B48AA9C14CA}
		{97BD6108-DA40-4C12-B799-D073269BFD79} = {42925C15-78BC-487E-BC96-FB11C191CBFE}
		{91B06429-9A4E-46E4-8F8C-9282D3E08176} = {97BD6108-DA40-4C12-B799-D073269BFD79}
		{0570294E-3D81-41E3-BC1B-B1191406C667} = {97BD6108-DA40-4C12-B799-D073269BFD79}
		{8AFA484F-2D55-4A0A-8DDD-461EA5A8B63F} = {3B95E21F-93E0-442D-A934-A74B8095FEED}
		{25A8D717-CB23-4011-AB91-7089EB7D2054} = {8AFA484F-2D55-4A0A-8DDD-461EA5A8B63F}
		{67D05C7F-665C-482C-BE63-43331AFA92F6} = {3B95E21F-93E0-442D-A934-A74B8095FEED}
		{4EA22E85-89C9-4238-9A1B-00DB65755882} = {67D05C7F-665C-482C-BE63-43331AFA92F6}
		{9DCA0BCC-31B0-46BE-BFC2-A38BF4333216} = {67D05C7F-665C-482C-BE63-43331AFA92F6}
		{D1690CCE-2C74-411A-8D50-98A32389EF27} = {1FBD321C-110C-44BE-8000-3C1D4EA0B20D}
		{D05F7D9B-0D72-4149-88EB-665D43033604} = {D1690CCE-2C74-411A-8D50-98A32389EF27}
		{F395F6E2-D91F-4B66-966E-459DA9E346D9} = {1FBD321C-110C-44BE-8000-3C1D4EA0B20D}
		{51F65373-E1FE-4125-A341-F136D95B2320} = {F395F6E2-D91F-4B66-966E-459DA9E346D9}
		{97F89CA9-1E42-49E4-AC56-DCD421998FFE} = {1FBD321C-110C-44BE-8000-3C1D4EA0B20D}
		{8FA354EC-4034-4760-B164-75D589CB3253} = {97F89CA9-1E42-49E4-AC56-DCD421998FFE}
		{A3ACA33D-6226-7668-2993-2FC9EA8C783B} = {97F89CA9-1E42-49E4-AC56-DCD421998FFE}
		{35AFA688-84D9-443D-8A08-1BA5413DC8C6} = {97F89CA9-1E42-49E4-AC56-DCD421998FFE}
		{FB7C4611-EE0A-4C39-B061-25F2FF64CB1A} = {FE84FE23-3AB3-4AE6-BA30-B25F752570D2}
		{C7E8FE13-9339-47CC-8292-E9B362AE3C82} = {FB7C4611-EE0A-4C39-B061-25F2FF64CB1A}
		{E9C66AEF-94B5-4FD3-A3E2-38360270C5FD} = {FE84FE23-3AB3-4AE6-BA30-B25F752570D2}
		{62DD8FE6-D9D9-4A4D-B8B2-1D0DB93F9A52} = {E9C66AEF-94B5-4FD3-A3E2-38360270C5FD}
		{38E65A2A-5952-40F3-AC1E-4F64D29ABDC0} = {E9C66AEF-94B5-4FD3-A3E2-38360270C5FD}
		{EEE226EA-F50F-48E2-A096-8FC195207087} = {E9C66AEF-94B5-4FD3-A3E2-38360270C5FD}
		{F43CD288-71B1-4224-9AB2-EF3B259D1EBC} = {FE84FE23-3AB3-4AE6-BA30-B25F752570D2}
		{400FACF7-E37F-4CE1-9F58-5336F8D2E9B4} = {F43CD288-71B1-4224-9AB2-EF3B259D1EBC}
		{E5F6DA20-2CA0-4E08-B169-F05B7AB3EE3D} = {E9C66AEF-94B5-4FD3-A3E2-38360270C5FD}
		{04941467-A211-40EA-B0AE-55E8B04F6FFA} = {648FCC98-9E9E-41E8-9DBA-A754A663A403}
		{83B25257-6707-464D-9A20-A1B0ADD37687} = {648FCC98-9E9E-41E8-9DBA-A754A663A403}
		{7EBE2BF6-0B58-4B2B-A1EC-4F12F714C345} = {04941467-A211-40EA-B0AE-55E8B04F6FFA}
		{D4C4101F-75B1-4C34-BEF3-3D92C7856F93} = {04941467-A211-40EA-B0AE-55E8B04F6FFA}
		{B8441293-5D7D-B752-6216-4C5005BF772D} = {75955446-FCBA-432B-AEC0-E756EB8C5472}
		{D7F347E4-C87C-CC1A-89F8-6D28A7CCB4B3} = {75955446-FCBA-432B-AEC0-E756EB8C5472}
		{3A7A4926-2229-4038-8F22-419C72905601} = {9036EBE1-D63A-445B-B633-67325BF549A6}
		{A0B338E2-A436-4C62-8091-191118E4E099} = {9036EBE1-D63A-445B-B633-67325BF549A6}
		{404F6374-0FAB-4EF5-B5DE-428ED7D447DA} = {9036EBE1-D63A-445B-B633-67325BF549A6}
		{BCC1AEEE-24BC-4A10-9F51-52F2D4F9C112} = {9036EBE1-D63A-445B-B633-67325BF549A6}
		{FD5148F9-9B99-4B9D-A0EA-373044CAB7B3} = {BCC1AEEE-24BC-4A10-9F51-52F2D4F9C112}
		{EC55ADC4-6591-44F4-9424-86BA29E1AD43} = {BCC1AEEE-24BC-4A10-9F51-52F2D4F9C112}
		{2D174DAE-EEC8-4D07-9324-1666A3F1FA9E} = {5EB50303-1FB2-4BAE-92CC-FCD140770AB1}
		{72752CBD-2792-49E3-AC16-AC573B5DD45A} = {5EB50303-1FB2-4BAE-92CC-FCD140770AB1}
		{98FA2CBC-81CF-4371-B2FB-CB5F42CE5E13} = {72752CBD-2792-49E3-AC16-AC573B5DD45A}
	EndGlobalSection
	GlobalSection(ExtensibilityGlobals) = postSolution
		SolutionGuid = {CB3D3A98-5915-46CB-827E-71486252DAFF}
	EndGlobalSection
EndGlobal
