
Microsoft Visual Studio Solution File, Format Version 12.00
# Visual Studio Version 17
VisualStudioVersion = 17.14.36623.8 d17.14
MinimumVisualStudioVersion = 10.0.40219.1
Project("{FAE04EC0-301F-11D3-BF4B-00C04F79EFBC}") = "Sample0415", "Sample0415\Sample0415.csproj", "{1E82188C-BAAC-466D-A552-BC99F02FF0EC}"
EndProject
Global
	GlobalSection(SolutionConfigurationPlatforms) = preSolution
		Debug|Any CPU = Debug|Any CPU
		Release|Any CPU = Release|Any CPU
	EndGlobalSection
	GlobalSection(ProjectConfigurationPlatforms) = postSolution
		{1E82188C-BAAC-466D-A552-BC99F02FF0EC}.Debug|Any CPU.ActiveCfg = Debug|Any CPU
		{1E82188C-BAAC-466D-A552-BC99F02FF0EC}.Debug|Any CPU.Build.0 = Debug|Any CPU
		{1E82188C-BAAC-466D-A552-BC99F02FF0EC}.Release|Any CPU.ActiveCfg = Release|Any CPU
		{1E82188C-BAAC-466D-A552-BC99F02FF0EC}.Release|Any CPU.Build.0 = Release|Any CPU
	EndGlobalSection
	GlobalSection(SolutionProperties) = preSolution
		HideSolutionNode = FALSE
	EndGlobalSection
	GlobalSection(ExtensibilityGlobals) = postSolution
		SolutionGuid = {02F9D22C-5469-4A55-B360-2B3782A50DC1}
	EndGlobalSection
EndGlobal
